
Microsoft Visual Studio Solution File, Format Version 12.00
# Visual Studio 15
VisualStudioVersion = 15.0.27703.2042
MinimumVisualStudioVersion = 10.0.40219.1
Project("{FAE04EC0-301F-11D3-BF4B-00C04F79EFBC}") = "ChessConsole", "ChessConsole\ChessConsole.csproj", "{2DCBFDC3-E075-4183-BB0F-1C437E2E3BFF}"
EndProject
Global
	GlobalSection(SolutionConfigurationPlatforms) = preSolution
		Debug|Any CPU = Debug|Any CPU
		Release|Any CPU = Release|Any CPU
	EndGlobalSection
	GlobalSection(ProjectConfigurationPlatforms) = postSolution
		{2DCBFDC3-E075-4183-BB0F-1C437E2E3BFF}.Debug|Any CPU.ActiveCfg = Debug|Any CPU
		{2DCBFDC3-E075-4183-BB0F-1C437E2E3BFF}.Debug|Any CPU.Build.0 = Debug|Any CPU
		{2DCBFDC3-E075-4183-BB0F-1C437E2E3BFF}.Release|Any CPU.ActiveCfg = Release|Any CPU
		{2DCBFDC3-E075-4183-BB0F-1C437E2E3BFF}.Release|Any CPU.Build.0 = Release|Any CPU
	EndGlobalSection
	GlobalSection(SolutionProperties) = preSolution
		HideSolutionNode = FALSE
	EndGlobalSection
	GlobalSection(ExtensibilityGlobals) = postSolution
		SolutionGuid = {6E6FF126-8B88-45A6-B960-B8362D3033DB}
	EndGlobalSection
EndGlobal
